
Microsoft Visual Studio Solution File, Format Version 12.00
# Visual Studio Version 17
VisualStudioVersion = 17.0.32014.148
MinimumVisualStudioVersion = 10.0.40219.1
Project("{FAE04EC0-301F-11D3-BF4B-00C04F79EFBC}") = "AgendaContatos.Mvc", "AgendaContatos.Mvc\AgendaContatos.Mvc.csproj", "{2827C123-8A55-461E-AA0F-DDD7F9F62E10}"
EndProject
Global
	GlobalSection(SolutionConfigurationPlatforms) = preSolution
		Debug|Any CPU = Debug|Any CPU
		Release|Any CPU = Release|Any CPU
	EndGlobalSection
	GlobalSection(ProjectConfigurationPlatforms) = postSolution
		{2827C123-8A55-461E-AA0F-DDD7F9F62E10}.Debug|Any CPU.ActiveCfg = Debug|Any CPU
		{2827C123-8A55-461E-AA0F-DDD7F9F62E10}.Debug|Any CPU.Build.0 = Debug|Any CPU
		{2827C123-8A55-461E-AA0F-DDD7F9F62E10}.Release|Any CPU.ActiveCfg = Release|Any CPU
		{2827C123-8A55-461E-AA0F-DDD7F9F62E10}.Release|Any CPU.Build.0 = Release|Any CPU
	EndGlobalSection
	GlobalSection(SolutionProperties) = preSolution
		HideSolutionNode = FALSE
	EndGlobalSection
	GlobalSection(ExtensibilityGlobals) = postSolution
		SolutionGuid = {C3C26304-AC74-4A40-AC52-85F218DBF57D}
	EndGlobalSection
EndGlobal
